
Microsoft Visual Studio Solution File, Format Version 12.00
# Visual Studio Version 16
VisualStudioVersion = 16.0.30804.86
MinimumVisualStudioVersion = 10.0.40219.1
Project("{9A19103F-16F7-4668-BE54-9A1E7A4F7556}") = "AppOwnsData", "AppOwnsData.csproj", "{F3A2F8C1-120C-4B0E-9032-80958C1E01C0}"
EndProject
Global
	GlobalSection(SolutionConfigurationPlatforms) = preSolution
		Debug|Any CPU = Debug|Any CPU
		Release|Any CPU = Release|Any CPU
	EndGlobalSection
	GlobalSection(ProjectConfigurationPlatforms) = postSolution
		{F3A2F8C1-120C-4B0E-9032-80958C1E01C0}.Debug|Any CPU.ActiveCfg = Debug|Any CPU
		{F3A2F8C1-120C-4B0E-9032-80958C1E01C0}.Debug|Any CPU.Build.0 = Debug|Any CPU
		{F3A2F8C1-120C-4B0E-9032-80958C1E01C0}.Release|Any CPU.ActiveCfg = Release|Any CPU
		{F3A2F8C1-120C-4B0E-9032-80958C1E01C0}.Release|Any CPU.Build.0 = Release|Any CPU
	EndGlobalSection
	GlobalSection(SolutionProperties) = preSolution
		HideSolutionNode = FALSE
	EndGlobalSection
	GlobalSection(ExtensibilityGlobals) = postSolution
		SolutionGuid = {CE4B4376-2FBD-4213-A882-438369972CF3}
	EndGlobalSection
EndGlobal
